// !$*UTF8*$!
{
	archiveVersion = 1;
	classes = {
	};
	objectVersion = 45;
	objects = {

/* Begin PBXAggregateTarget section */
		3F28761A112F0F5B007D76EE /* Client Build */ = {
			isa = PBXAggregateTarget;
			buildConfigurationList = 3F28761F112F0F85007D76EE /* Build configuration list for PBXAggregateTarget "Client Build" */;
			buildPhases = (
				3FDF269011B9792F00E77D9D /* ShellScript */,
			);
			dependencies = (
				3F28761E112F0F6B007D76EE /* PBXTargetDependency */,
			);
			name = "Client Build";
			productName = "Client Build";
		};
		3F287634112F1112007D76EE /* Release Build */ = {
			isa = PBXAggregateTarget;
			buildConfigurationList = 3F28763D112F114E007D76EE /* Build configuration list for PBXAggregateTarget "Release Build" */;
			buildPhases = (
				3F287633112F1112007D76EE /* ShellScript */,
			);
			dependencies = (
				3F28763F112F11B0007D76EE /* PBXTargetDependency */,
			);
			name = "Release Build";
			productName = "Release Build";
		};
		3F90A39511B818910016EE41 /* Generate Documentation */ = {
			isa = PBXAggregateTarget;
			buildConfigurationList = 3F90A39911B818B00016EE41 /* Build configuration list for PBXAggregateTarget "Generate Documentation" */;
			buildPhases = (
				3FDF268E11B9790D00E77D9D /* ShellScript */,
			);
			dependencies = (
				3F90A3A411B819000016EE41 /* PBXTargetDependency */,
			);
			name = "Generate Documentation";
			productName = "Generate Documentation";
		};
/* End PBXAggregateTarget section */

/* Begin PBXBuildFile section */
		3F18D6DD10B346F0000F8F3B /* Three20.bundle in Resources */ = {isa = PBXBuildFile; fileRef = 3F18D6DC10B346F0000F8F3B /* Three20.bundle */; };
		3F18D76B10B34868000F8F3B /* Three20.bundle in Resources */ = {isa = PBXBuildFile; fileRef = 3F18D6DC10B346F0000F8F3B /* Three20.bundle */; };
		3F18D76D10B34868000F8F3B /* ___PROJECTNAMEASIDENTIFIER___AppDelegate.m in Sources */ = {isa = PBXBuildFile; fileRef = 3FC0CE6110559E8E00BF2243 /* ___PROJECTNAMEASIDENTIFIER___AppDelegate.m */; };
		3F18D79210B34905000F8F3B /* main.m in Sources */ = {isa = PBXBuildFile; fileRef = 3F18D79110B34905000F8F3B /* main.m */; };
		3F18D7A410B3494A000F8F3B /* UISpecExample.m in Sources */ = {isa = PBXBuildFile; fileRef = 3F18D7A310B3494A000F8F3B /* UISpecExample.m */; };
		3F2ED0B211E2271100CC78A5 /* CoreFoundation.framework in Frameworks */ = {isa = PBXBuildFile; fileRef = 3F2ED0B111E2271100CC78A5 /* CoreFoundation.framework */; };
		3F2ED0B811E2272000CC78A5 /* UIKit.framework in Frameworks */ = {isa = PBXBuildFile; fileRef = 3F2ED0B711E2272000CC78A5 /* UIKit.framework */; };
		3F2ED0C411E2275000CC78A5 /* Foundation.framework in Frameworks */ = {isa = PBXBuildFile; fileRef = 3F2ED0C311E2275000CC78A5 /* Foundation.framework */; };
		3F2ED13A11E227AF00CC78A5 /* libThree20Core.a in Frameworks */ = {isa = PBXBuildFile; fileRef = 3F2ED11711E2279900CC78A5 /* libThree20Core.a */; };
		3F2ED13C11E227B400CC78A5 /* libThree20Network.a in Frameworks */ = {isa = PBXBuildFile; fileRef = 3F2ED11D11E2279900CC78A5 /* libThree20Network.a */; };
		3F2ED13D11E227B500CC78A5 /* libThree20Style.a in Frameworks */ = {isa = PBXBuildFile; fileRef = 3F2ED12311E2279900CC78A5 /* libThree20Style.a */; };
		3F2ED13E11E227B500CC78A5 /* libThree20UI.a in Frameworks */ = {isa = PBXBuildFile; fileRef = 3F2ED12911E2279900CC78A5 /* libThree20UI.a */; };
		3F2ED13F11E227B500CC78A5 /* libThree20UICommon.a in Frameworks */ = {isa = PBXBuildFile; fileRef = 3F2ED12F11E2279900CC78A5 /* libThree20UICommon.a */; };
		3F2ED14011E227B600CC78A5 /* libThree20UINavigator.a in Frameworks */ = {isa = PBXBuildFile; fileRef = 3F2ED13511E2279900CC78A5 /* libThree20UINavigator.a */; };
		3F2ED14C11E2280D00CC78A5 /* CoreGraphics.framework in Frameworks */ = {isa = PBXBuildFile; fileRef = 3F2ED14B11E2280D00CC78A5 /* CoreGraphics.framework */; };
		3F2ED15211E2282600CC78A5 /* QuartzCore.framework in Frameworks */ = {isa = PBXBuildFile; fileRef = 3F2ED15111E2282600CC78A5 /* QuartzCore.framework */; };
		3F2ED2B011E22A8E00CC78A5 /* libThree20Core.a in Frameworks */ = {isa = PBXBuildFile; fileRef = 3F2ED11711E2279900CC78A5 /* libThree20Core.a */; };
		3F2ED2B111E22A8E00CC78A5 /* libThree20Style.a in Frameworks */ = {isa = PBXBuildFile; fileRef = 3F2ED12311E2279900CC78A5 /* libThree20Style.a */; };
		3F2ED2B211E22A8F00CC78A5 /* libThree20Network.a in Frameworks */ = {isa = PBXBuildFile; fileRef = 3F2ED11D11E2279900CC78A5 /* libThree20Network.a */; };
		3F2ED2B311E22A9000CC78A5 /* libThree20UI.a in Frameworks */ = {isa = PBXBuildFile; fileRef = 3F2ED12911E2279900CC78A5 /* libThree20UI.a */; };
		3F2ED2B411E22A9000CC78A5 /* libThree20UICommon.a in Frameworks */ = {isa = PBXBuildFile; fileRef = 3F2ED12F11E2279900CC78A5 /* libThree20UICommon.a */; };
		3F2ED2B511E22A9100CC78A5 /* libThree20UINavigator.a in Frameworks */ = {isa = PBXBuildFile; fileRef = 3F2ED13511E2279900CC78A5 /* libThree20UINavigator.a */; };
		3F2ED2B611E22AA700CC78A5 /* CoreFoundation.framework in Frameworks */ = {isa = PBXBuildFile; fileRef = 3F2ED0B111E2271100CC78A5 /* CoreFoundation.framework */; };
		3F2ED2B711E22AAF00CC78A5 /* UIKit.framework in Frameworks */ = {isa = PBXBuildFile; fileRef = 3F2ED0B711E2272000CC78A5 /* UIKit.framework */; };
		3F2ED2B811E22AB600CC78A5 /* Foundation.framework in Frameworks */ = {isa = PBXBuildFile; fileRef = 3F2ED0C311E2275000CC78A5 /* Foundation.framework */; };
		3F2ED2B911E22AB900CC78A5 /* CoreGraphics.framework in Frameworks */ = {isa = PBXBuildFile; fileRef = 3F2ED14B11E2280D00CC78A5 /* CoreGraphics.framework */; };
		3F2ED2BA11E22ABC00CC78A5 /* QuartzCore.framework in Frameworks */ = {isa = PBXBuildFile; fileRef = 3F2ED15111E2282600CC78A5 /* QuartzCore.framework */; };
		3F90A34911B815AA0016EE41 /* DoxygenTest.m in Sources */ = {isa = PBXBuildFile; fileRef = 3F90A34811B815AA0016EE41 /* DoxygenTest.m */; };
		3F90A34A11B815AA0016EE41 /* DoxygenTest.m in Sources */ = {isa = PBXBuildFile; fileRef = 3F90A34811B815AA0016EE41 /* DoxygenTest.m */; };
		3FC0CE6510559E8E00BF2243 /* ___PROJECTNAMEASIDENTIFIER___AppDelegate.m in Sources */ = {isa = PBXBuildFile; fileRef = 3FC0CE6110559E8E00BF2243 /* ___PROJECTNAMEASIDENTIFIER___AppDelegate.m */; };
		3FC0CE6610559E8E00BF2243 /* main.m in Sources */ = {isa = PBXBuildFile; fileRef = 3FC0CE6310559E8E00BF2243 /* main.m */; };
		3FF1048E10B34AF9000EB6F2 /* UISpec_Simulator.a in Frameworks */ = {isa = PBXBuildFile; fileRef = 3F18D78610B34896000F8F3B /* UISpec_Simulator.a */; };
/* End PBXBuildFile section */

/* Begin PBXContainerItemProxy section */
		3F18D78510B34896000F8F3B /* PBXContainerItemProxy */ = {
			isa = PBXContainerItemProxy;
			containerPortal = 3F18D77F10B34896000F8F3B /* UISpec.xcodeproj */;
			proxyType = 2;
			remoteGlobalIDString = C76EB5D20F74586B00EF8398;
			remoteInfo = UISpec_Simulator;
		};
		3F18D78710B34896000F8F3B /* PBXContainerItemProxy */ = {
			isa = PBXContainerItemProxy;
			containerPortal = 3F18D77F10B34896000F8F3B /* UISpec.xcodeproj */;
			proxyType = 2;
			remoteGlobalIDString = C76EB5DA0F7458C100EF8398;
			remoteInfo = UISpec_Device;
		};
		3F28761D112F0F6B007D76EE /* PBXContainerItemProxy */ = {
			isa = PBXContainerItemProxy;
			containerPortal = 29B97313FDCFA39411CA2CEA /* Project object */;
			proxyType = 1;
			remoteGlobalIDString = 1D6058900D05DD3D006BFB54;
			remoteInfo = "___PROJECTNAME___";
		};
		3F28763E112F11B0007D76EE /* PBXContainerItemProxy */ = {
			isa = PBXContainerItemProxy;
			containerPortal = 29B97313FDCFA39411CA2CEA /* Project object */;
			proxyType = 1;
			remoteGlobalIDString = 1D6058900D05DD3D006BFB54;
			remoteInfo = "___PROJECTNAME___";
		};
		3F2ED0F611E2279000CC78A5 /* PBXContainerItemProxy */ = {
			isa = PBXContainerItemProxy;
			containerPortal = 3F2ED0CB11E2279000CC78A5 /* Three20.xcodeproj */;
			proxyType = 2;
			remoteGlobalIDString = BEF31F3A0F352DF5000DE5D2 /* libThree20.a */;
			remoteInfo = Three20;
		};
		3F2ED0F811E2279000CC78A5 /* PBXContainerItemProxy */ = {
			isa = PBXContainerItemProxy;
			containerPortal = 3F2ED0CB11E2279000CC78A5 /* Three20.xcodeproj */;
			proxyType = 2;
			remoteGlobalIDString = EB9E6C6210B6A8F800DE563C /* UnitTests.octest */;
			remoteInfo = UnitTests;
		};
		3F2ED11611E2279900CC78A5 /* PBXContainerItemProxy */ = {
			isa = PBXContainerItemProxy;
			containerPortal = 3F2ED10211E2279900CC78A5 /* Three20Core.xcodeproj */;
			proxyType = 2;
			remoteGlobalIDString = BEF31F3A0F352DF5000DE5D2 /* libThree20Core.a */;
			remoteInfo = Three20Core;
		};
		3F2ED11811E2279900CC78A5 /* PBXContainerItemProxy */ = {
			isa = PBXContainerItemProxy;
			containerPortal = 3F2ED10211E2279900CC78A5 /* Three20Core.xcodeproj */;
			proxyType = 2;
			remoteGlobalIDString = EB9E6C6210B6A8F800DE563C /* CoreUnitTests.octest */;
			remoteInfo = UnitTests;
		};
		3F2ED11C11E2279900CC78A5 /* PBXContainerItemProxy */ = {
			isa = PBXContainerItemProxy;
			containerPortal = 3F2ED10511E2279900CC78A5 /* Three20Network.xcodeproj */;
			proxyType = 2;
			remoteGlobalIDString = BEF31F3A0F352DF5000DE5D2 /* libThree20Network.a */;
			remoteInfo = Three20Network;
		};
		3F2ED11E11E2279900CC78A5 /* PBXContainerItemProxy */ = {
			isa = PBXContainerItemProxy;
			containerPortal = 3F2ED10511E2279900CC78A5 /* Three20Network.xcodeproj */;
			proxyType = 2;
			remoteGlobalIDString = EB9E6C6210B6A8F800DE563C /* UnitTests.octest */;
			remoteInfo = UnitTests;
		};
		3F2ED12211E2279900CC78A5 /* PBXContainerItemProxy */ = {
			isa = PBXContainerItemProxy;
			containerPortal = 3F2ED10811E2279900CC78A5 /* Three20Style.xcodeproj */;
			proxyType = 2;
			remoteGlobalIDString = BEF31F3A0F352DF5000DE5D2 /* libThree20Style.a */;
			remoteInfo = Three20Style;
		};
		3F2ED12411E2279900CC78A5 /* PBXContainerItemProxy */ = {
			isa = PBXContainerItemProxy;
			containerPortal = 3F2ED10811E2279900CC78A5 /* Three20Style.xcodeproj */;
			proxyType = 2;
			remoteGlobalIDString = EB9E6C6210B6A8F800DE563C /* UnitTests.octest */;
			remoteInfo = UnitTests;
		};
		3F2ED12811E2279900CC78A5 /* PBXContainerItemProxy */ = {
			isa = PBXContainerItemProxy;
			containerPortal = 3F2ED10B11E2279900CC78A5 /* Three20UI.xcodeproj */;
			proxyType = 2;
			remoteGlobalIDString = BEF31F3A0F352DF5000DE5D2 /* libThree20UI.a */;
			remoteInfo = Three20UI;
		};
		3F2ED12A11E2279900CC78A5 /* PBXContainerItemProxy */ = {
			isa = PBXContainerItemProxy;
			containerPortal = 3F2ED10B11E2279900CC78A5 /* Three20UI.xcodeproj */;
			proxyType = 2;
			remoteGlobalIDString = EB9E6C6210B6A8F800DE563C /* UnitTests.octest */;
			remoteInfo = UnitTests;
		};
		3F2ED12E11E2279900CC78A5 /* PBXContainerItemProxy */ = {
			isa = PBXContainerItemProxy;
			containerPortal = 3F2ED10E11E2279900CC78A5 /* Three20UICommon.xcodeproj */;
			proxyType = 2;
			remoteGlobalIDString = BEF31F3A0F352DF5000DE5D2 /* libThree20UICommon.a */;
			remoteInfo = Three20UICommon;
		};
		3F2ED13011E2279900CC78A5 /* PBXContainerItemProxy */ = {
			isa = PBXContainerItemProxy;
			containerPortal = 3F2ED10E11E2279900CC78A5 /* Three20UICommon.xcodeproj */;
			proxyType = 2;
			remoteGlobalIDString = EB9E6C6210B6A8F800DE563C /* UnitTests.octest */;
			remoteInfo = UnitTests;
		};
		3F2ED13411E2279900CC78A5 /* PBXContainerItemProxy */ = {
			isa = PBXContainerItemProxy;
			containerPortal = 3F2ED11111E2279900CC78A5 /* Three20UINavigator.xcodeproj */;
			proxyType = 2;
			remoteGlobalIDString = BEF31F3A0F352DF5000DE5D2 /* libThree20UINavigator.a */;
			remoteInfo = Three20UINavigator;
		};
		3F2ED13611E2279900CC78A5 /* PBXContainerItemProxy */ = {
			isa = PBXContainerItemProxy;
			containerPortal = 3F2ED11111E2279900CC78A5 /* Three20UINavigator.xcodeproj */;
			proxyType = 2;
			remoteGlobalIDString = EB9E6C6210B6A8F800DE563C /* UnitTests.octest */;
			remoteInfo = UnitTests;
		};
		3F2ED13811E227A600CC78A5 /* PBXContainerItemProxy */ = {
			isa = PBXContainerItemProxy;
			containerPortal = 3F2ED0CB11E2279000CC78A5 /* Three20.xcodeproj */;
			proxyType = 1;
			remoteGlobalIDString = BEF31F390F352DF5000DE5D2 /* Three20 */;
			remoteInfo = Three20;
		};
		3F2ED2AE11E22A8600CC78A5 /* PBXContainerItemProxy */ = {
			isa = PBXContainerItemProxy;
			containerPortal = 3F2ED0CB11E2279000CC78A5 /* Three20.xcodeproj */;
			proxyType = 1;
			remoteGlobalIDString = BEF31F390F352DF5000DE5D2 /* Three20 */;
			remoteInfo = Three20;
		};
		3F90A1C811B7F4EE0016EE41 /* PBXContainerItemProxy */ = {
			isa = PBXContainerItemProxy;
			containerPortal = 3F18D77F10B34896000F8F3B /* UISpec.xcodeproj */;
			proxyType = 2;
			remoteGlobalIDString = C7D4F29310BDA39C00B00019;
			remoteInfo = Specs;
		};
		3F90A3A311B819000016EE41 /* PBXContainerItemProxy */ = {
			isa = PBXContainerItemProxy;
			containerPortal = 29B97313FDCFA39411CA2CEA /* Project object */;
			proxyType = 1;
			remoteGlobalIDString = 1D6058900D05DD3D006BFB54;
			remoteInfo = "___PROJECTNAME___";
		};
		3FF1049710B34B1A000EB6F2 /* PBXContainerItemProxy */ = {
			isa = PBXContainerItemProxy;
			containerPortal = 3F18D77F10B34896000F8F3B /* UISpec.xcodeproj */;
			proxyType = 1;
			remoteGlobalIDString = C76EB5D10F74586B00EF8398;
			remoteInfo = UISpec_Simulator;
		};
/* End PBXContainerItemProxy section */

/* Begin PBXFileReference section */
		3F18D6DC10B346F0000F8F3B /* Three20.bundle */ = {isa = PBXFileReference; lastKnownFileType = "wrapper.plug-in"; name = Three20.bundle; path = three20/src/Three20.bundle; sourceTree = "<group>"; };
		3F18D77910B34868000F8F3B /* UISpec.app */ = {isa = PBXFileReference; explicitFileType = wrapper.application; includeInIndex = 0; path = UISpec.app; sourceTree = BUILT_PRODUCTS_DIR; };
		3F18D77B10B34868000F8F3B /* Info UISpec.plist */ = {isa = PBXFileReference; lastKnownFileType = text.plist.xml; path = "Info UISpec.plist"; sourceTree = "<group>"; };
		3F18D77F10B34896000F8F3B /* UISpec.xcodeproj */ = {isa = PBXFileReference; lastKnownFileType = "wrapper.pb-project"; name = UISpec.xcodeproj; path = UISpec/xcode/UISpec/UISpec.xcodeproj; sourceTree = "<group>"; };
		3F18D79110B34905000F8F3B /* main.m */ = {isa = PBXFileReference; fileEncoding = 4; lastKnownFileType = sourcecode.c.objc; path = main.m; sourceTree = "<group>"; };
		3F18D7A310B3494A000F8F3B /* UISpecExample.m */ = {isa = PBXFileReference; fileEncoding = 4; lastKnownFileType = sourcecode.c.objc; path = UISpecExample.m; sourceTree = "<group>"; };
		3F2CF58A10CD4ECB0096C192 /* Info copy.plist */ = {isa = PBXFileReference; lastKnownFileType = text.plist.xml; path = "Info copy.plist"; sourceTree = "<group>"; };
		3F2ED0B111E2271100CC78A5 /* CoreFoundation.framework */ = {isa = PBXFileReference; lastKnownFileType = wrapper.framework; name = CoreFoundation.framework; path = System/Library/Frameworks/CoreFoundation.framework; sourceTree = SDKROOT; };
		3F2ED0B711E2272000CC78A5 /* UIKit.framework */ = {isa = PBXFileReference; lastKnownFileType = wrapper.framework; name = UIKit.framework; path = System/Library/Frameworks/UIKit.framework; sourceTree = SDKROOT; };
		3F2ED0BD11E2273F00CC78A5 /* CFNetwork.framework */ = {isa = PBXFileReference; lastKnownFileType = wrapper.framework; name = CFNetwork.framework; path = System/Library/Frameworks/CFNetwork.framework; sourceTree = SDKROOT; };
		3F2ED0C311E2275000CC78A5 /* Foundation.framework */ = {isa = PBXFileReference; lastKnownFileType = wrapper.framework; name = Foundation.framework; path = System/Library/Frameworks/Foundation.framework; sourceTree = SDKROOT; };
		3F2ED0CB11E2279000CC78A5 /* Three20.xcodeproj */ = {isa = PBXFileReference; lastKnownFileType = "wrapper.pb-project"; name = Three20.xcodeproj; path = three20/src/Three20/Three20.xcodeproj; sourceTree = "<group>"; };
		3F2ED10211E2279900CC78A5 /* Three20Core.xcodeproj */ = {isa = PBXFileReference; lastKnownFileType = "wrapper.pb-project"; name = Three20Core.xcodeproj; path = three20/src/Three20Core/Three20Core.xcodeproj; sourceTree = "<group>"; };
		3F2ED10511E2279900CC78A5 /* Three20Network.xcodeproj */ = {isa = PBXFileReference; lastKnownFileType = "wrapper.pb-project"; name = Three20Network.xcodeproj; path = three20/src/Three20Network/Three20Network.xcodeproj; sourceTree = "<group>"; };
		3F2ED10811E2279900CC78A5 /* Three20Style.xcodeproj */ = {isa = PBXFileReference; lastKnownFileType = "wrapper.pb-project"; name = Three20Style.xcodeproj; path = three20/src/Three20Style/Three20Style.xcodeproj; sourceTree = "<group>"; };
		3F2ED10B11E2279900CC78A5 /* Three20UI.xcodeproj */ = {isa = PBXFileReference; lastKnownFileType = "wrapper.pb-project"; name = Three20UI.xcodeproj; path = three20/src/Three20UI/Three20UI.xcodeproj; sourceTree = "<group>"; };
		3F2ED10E11E2279900CC78A5 /* Three20UICommon.xcodeproj */ = {isa = PBXFileReference; lastKnownFileType = "wrapper.pb-project"; name = Three20UICommon.xcodeproj; path = three20/src/Three20UICommon/Three20UICommon.xcodeproj; sourceTree = "<group>"; };
		3F2ED11111E2279900CC78A5 /* Three20UINavigator.xcodeproj */ = {isa = PBXFileReference; lastKnownFileType = "wrapper.pb-project"; name = Three20UINavigator.xcodeproj; path = three20/src/Three20UINavigator/Three20UINavigator.xcodeproj; sourceTree = "<group>"; };
		3F2ED14B11E2280D00CC78A5 /* CoreGraphics.framework */ = {isa = PBXFileReference; lastKnownFileType = wrapper.framework; name = CoreGraphics.framework; path = System/Library/Frameworks/CoreGraphics.framework; sourceTree = SDKROOT; };
		3F2ED15111E2282600CC78A5 /* QuartzCore.framework */ = {isa = PBXFileReference; lastKnownFileType = wrapper.framework; name = QuartzCore.framework; path = System/Library/Frameworks/QuartzCore.framework; sourceTree = SDKROOT; };
		3F90A34711B815AA0016EE41 /* DoxygenTest.h */ = {isa = PBXFileReference; fileEncoding = 4; lastKnownFileType = sourcecode.c.h; path = DoxygenTest.h; sourceTree = "<group>"; };
		3F90A34811B815AA0016EE41 /* DoxygenTest.m */ = {isa = PBXFileReference; fileEncoding = 4; lastKnownFileType = sourcecode.c.objc; path = DoxygenTest.m; sourceTree = "<group>"; };
		3FC0CE6010559E8E00BF2243 /* ___PROJECTNAMEASIDENTIFIER___AppDelegate.h */ = {isa = PBXFileReference; fileEncoding = 4; lastKnownFileType = sourcecode.c.h; path = "___PROJECTNAMEASIDENTIFIER___AppDelegate.h"; sourceTree = "<group>"; };
		3FC0CE6110559E8E00BF2243 /* ___PROJECTNAMEASIDENTIFIER___AppDelegate.m */ = {isa = PBXFileReference; fileEncoding = 4; lastKnownFileType = sourcecode.c.objc; path = "___PROJECTNAMEASIDENTIFIER___AppDelegate.m"; sourceTree = "<group>"; };
		3FC0CE6210559E8E00BF2243 /* ___PROJECTNAMEASIDENTIFIER____Prefix.pch */ = {isa = PBXFileReference; fileEncoding = 4; lastKnownFileType = sourcecode.c.h; path = "___PROJECTNAMEASIDENTIFIER____Prefix.pch"; sourceTree = "<group>"; };
		3FC0CE6310559E8E00BF2243 /* main.m */ = {isa = PBXFileReference; fileEncoding = 4; lastKnownFileType = sourcecode.c.objc; path = main.m; sourceTree = "<group>"; };
		3FC0CE6810559EB100BF2243 /* OCMock.framework */ = {isa = PBXFileReference; lastKnownFileType = wrapper.framework; path = OCMock.framework; sourceTree = "<group>"; };
		3FC0D17010559F7F00BF2243 /* Info.plist */ = {isa = PBXFileReference; fileEncoding = 4; lastKnownFileType = text.plist.xml; path = Info.plist; sourceTree = "<group>"; };
		3FC0D17E10559FBF00BF2243 /* ___PROJECTNAME___.app */ = {isa = PBXFileReference; explicitFileType = wrapper.application; includeInIndex = 0; path = "___PROJECTNAME___.app"; sourceTree = BUILT_PRODUCTS_DIR; };
/* End PBXFileReference section */

/* Begin PBXFrameworksBuildPhase section */
		1D60588F0D05DD3D006BFB54 /* Frameworks */ = {
			isa = PBXFrameworksBuildPhase;
			buildActionMask = 2147483647;
			files = (
				3F2ED0B211E2271100CC78A5 /* CoreFoundation.framework in Frameworks */,
				3F2ED0B811E2272000CC78A5 /* UIKit.framework in Frameworks */,
				3F2ED0C411E2275000CC78A5 /* Foundation.framework in Frameworks */,
				3F2ED13A11E227AF00CC78A5 /* libThree20Core.a in Frameworks */,
				3F2ED13C11E227B400CC78A5 /* libThree20Network.a in Frameworks */,
				3F2ED13D11E227B500CC78A5 /* libThree20Style.a in Frameworks */,
				3F2ED13E11E227B500CC78A5 /* libThree20UI.a in Frameworks */,
				3F2ED13F11E227B500CC78A5 /* libThree20UICommon.a in Frameworks */,
				3F2ED14011E227B600CC78A5 /* libThree20UINavigator.a in Frameworks */,
				3F2ED14C11E2280D00CC78A5 /* CoreGraphics.framework in Frameworks */,
				3F2ED15211E2282600CC78A5 /* QuartzCore.framework in Frameworks */,
			);
			runOnlyForDeploymentPostprocessing = 0;
		};
		3F18D76F10B34868000F8F3B /* Frameworks */ = {
			isa = PBXFrameworksBuildPhase;
			buildActionMask = 2147483647;
			files = (
				3FF1048E10B34AF9000EB6F2 /* UISpec_Simulator.a in Frameworks */,
				3F2ED2B011E22A8E00CC78A5 /* libThree20Core.a in Frameworks */,
				3F2ED2B111E22A8E00CC78A5 /* libThree20Style.a in Frameworks */,
				3F2ED2B211E22A8F00CC78A5 /* libThree20Network.a in Frameworks */,
				3F2ED2B311E22A9000CC78A5 /* libThree20UI.a in Frameworks */,
				3F2ED2B411E22A9000CC78A5 /* libThree20UICommon.a in Frameworks */,
				3F2ED2B511E22A9100CC78A5 /* libThree20UINavigator.a in Frameworks */,
				3F2ED2B611E22AA700CC78A5 /* CoreFoundation.framework in Frameworks */,
				3F2ED2B711E22AAF00CC78A5 /* UIKit.framework in Frameworks */,
				3F2ED2B811E22AB600CC78A5 /* Foundation.framework in Frameworks */,
				3F2ED2B911E22AB900CC78A5 /* CoreGraphics.framework in Frameworks */,
				3F2ED2BA11E22ABC00CC78A5 /* QuartzCore.framework in Frameworks */,
			);
			runOnlyForDeploymentPostprocessing = 0;
		};
/* End PBXFrameworksBuildPhase section */

/* Begin PBXGroup section */
		29B97314FDCFA39411CA2CEA /* CustomTemplate */ = {
			isa = PBXGroup;
			children = (
				3F90A19811B7F1CE0016EE41 /* Scripts */,
				3FC0D16E10559F7F00BF2243 /* Resources */,
				3FC0CE5B10559E8E00BF2243 /* Code */,
				3FC0CE9810559ECE00BF2243 /* Libraries */,
				3F18D79010B348D1000F8F3B /* Specs */,
				3F7DFA2011E225BA00E45E65 /* Products */,
				3F2ED0B011E226CC00CC78A5 /* Frameworks */,
			);
			name = CustomTemplate;
			sourceTree = "<group>";
		};
		3F18D78010B34896000F8F3B /* Products */ = {
			isa = PBXGroup;
			children = (
				3F18D78610B34896000F8F3B /* UISpec_Simulator.a */,
				3F18D78810B34896000F8F3B /* UISpec_Device.a */,
				3F90A1C911B7F4EE0016EE41 /* Specs.app */,
			);
			name = Products;
			sourceTree = "<group>";
		};
		3F18D79010B348D1000F8F3B /* Specs */ = {
			isa = PBXGroup;
			children = (
				3F18D7A210B3493C000F8F3B /* Controllers */,
				3F18D7A110B34939000F8F3B /* Models */,
				3F18D79110B34905000F8F3B /* main.m */,
			);
			path = Specs;
			sourceTree = "<group>";
		};
		3F18D7A110B34939000F8F3B /* Models */ = {
			isa = PBXGroup;
			children = (
				3F18D7A310B3494A000F8F3B /* UISpecExample.m */,
			);
			path = Models;
			sourceTree = "<group>";
		};
		3F18D7A210B3493C000F8F3B /* Controllers */ = {
			isa = PBXGroup;
			children = (
			);
			path = Controllers;
			sourceTree = "<group>";
		};
		3F2ED0B011E226CC00CC78A5 /* Frameworks */ = {
			isa = PBXGroup;
			children = (
				3F2ED0B111E2271100CC78A5 /* CoreFoundation.framework */,
				3F2ED0B711E2272000CC78A5 /* UIKit.framework */,
				3F2ED0BD11E2273F00CC78A5 /* CFNetwork.framework */,
				3F2ED0C311E2275000CC78A5 /* Foundation.framework */,
				3F2ED14B11E2280D00CC78A5 /* CoreGraphics.framework */,
				3F2ED15111E2282600CC78A5 /* QuartzCore.framework */,
			);
			name = Frameworks;
			sourceTree = "<group>";
		};
		3F2ED0CC11E2279000CC78A5 /* Products */ = {
			isa = PBXGroup;
			children = (
				3F2ED0F711E2279000CC78A5 /* libThree20.a */,
				3F2ED0F911E2279000CC78A5 /* UnitTests.octest */,
			);
			name = Products;
			sourceTree = "<group>";
		};
		3F2ED10311E2279900CC78A5 /* Products */ = {
			isa = PBXGroup;
			children = (
				3F2ED11711E2279900CC78A5 /* libThree20Core.a */,
				3F2ED11911E2279900CC78A5 /* CoreUnitTests.octest */,
			);
			name = Products;
			sourceTree = "<group>";
		};
		3F2ED10611E2279900CC78A5 /* Products */ = {
			isa = PBXGroup;
			children = (
				3F2ED11D11E2279900CC78A5 /* libThree20Network.a */,
				3F2ED11F11E2279900CC78A5 /* UnitTests.octest */,
			);
			name = Products;
			sourceTree = "<group>";
		};
		3F2ED10911E2279900CC78A5 /* Products */ = {
			isa = PBXGroup;
			children = (
				3F2ED12311E2279900CC78A5 /* libThree20Style.a */,
				3F2ED12511E2279900CC78A5 /* UnitTests.octest */,
			);
			name = Products;
			sourceTree = "<group>";
		};
		3F2ED10C11E2279900CC78A5 /* Products */ = {
			isa = PBXGroup;
			children = (
				3F2ED12911E2279900CC78A5 /* libThree20UI.a */,
				3F2ED12B11E2279900CC78A5 /* UnitTests.octest */,
			);
			name = Products;
			sourceTree = "<group>";
		};
		3F2ED10F11E2279900CC78A5 /* Products */ = {
			isa = PBXGroup;
			children = (
				3F2ED12F11E2279900CC78A5 /* libThree20UICommon.a */,
				3F2ED13111E2279900CC78A5 /* UnitTests.octest */,
			);
			name = Products;
			sourceTree = "<group>";
		};
		3F2ED11211E2279900CC78A5 /* Products */ = {
			isa = PBXGroup;
			children = (
				3F2ED13511E2279900CC78A5 /* libThree20UINavigator.a */,
				3F2ED13711E2279900CC78A5 /* UnitTests.octest */,
			);
			name = Products;
			sourceTree = "<group>";
		};
		3F7DFA2011E225BA00E45E65 /* Products */ = {
			isa = PBXGroup;
			children = (
				3FC0D17E10559FBF00BF2243 /* ___PROJECTNAME___.app */,
				3F18D77910B34868000F8F3B /* UISpec.app */,
			);
			name = Products;
			sourceTree = "<group>";
		};
		3F90A19811B7F1CE0016EE41 /* Scripts */ = {
			isa = PBXGroup;
			children = (
			);
			path = Scripts;
			sourceTree = "<group>";
		};
		3FC0CE5B10559E8E00BF2243 /* Code */ = {
			isa = PBXGroup;
			children = (
				3FC0CE5C10559E8E00BF2243 /* Classes */,
				3FC0CE5D10559E8E00BF2243 /* Controllers */,
				3FC0CE5E10559E8E00BF2243 /* Models */,
				3FC0CE5F10559E8E00BF2243 /* Other */,
				3FC0CE6410559E8E00BF2243 /* Views */,
			);
			path = Code;
			sourceTree = "<group>";
		};
		3FC0CE5C10559E8E00BF2243 /* Classes */ = {
			isa = PBXGroup;
			children = (
				3F90A34711B815AA0016EE41 /* DoxygenTest.h */,
				3F90A34811B815AA0016EE41 /* DoxygenTest.m */,
			);
			path = Classes;
			sourceTree = "<group>";
		};
		3FC0CE5D10559E8E00BF2243 /* Controllers */ = {
			isa = PBXGroup;
			children = (
			);
			path = Controllers;
			sourceTree = "<group>";
		};
		3FC0CE5E10559E8E00BF2243 /* Models */ = {
			isa = PBXGroup;
			children = (
			);
			path = Models;
			sourceTree = "<group>";
		};
		3FC0CE5F10559E8E00BF2243 /* Other */ = {
			isa = PBXGroup;
			children = (
				3FC0CE6010559E8E00BF2243 /* ___PROJECTNAMEASIDENTIFIER___AppDelegate.h */,
				3FC0CE6110559E8E00BF2243 /* ___PROJECTNAMEASIDENTIFIER___AppDelegate.m */,
				3FC0CE6210559E8E00BF2243 /* ___PROJECTNAMEASIDENTIFIER____Prefix.pch */,
				3FC0CE6310559E8E00BF2243 /* main.m */,
			);
			path = Other;
			sourceTree = "<group>";
		};
		3FC0CE6410559E8E00BF2243 /* Views */ = {
			isa = PBXGroup;
			children = (
			);
			path = Views;
			sourceTree = "<group>";
		};
		3FC0CE9810559ECE00BF2243 /* Libraries */ = {
			isa = PBXGroup;
			children = (
				3F2ED10211E2279900CC78A5 /* Three20Core.xcodeproj */,
				3F2ED10511E2279900CC78A5 /* Three20Network.xcodeproj */,
				3F2ED10811E2279900CC78A5 /* Three20Style.xcodeproj */,
				3F2ED10B11E2279900CC78A5 /* Three20UI.xcodeproj */,
				3F2ED10E11E2279900CC78A5 /* Three20UICommon.xcodeproj */,
				3F2ED11111E2279900CC78A5 /* Three20UINavigator.xcodeproj */,
				3F2ED0CB11E2279000CC78A5 /* Three20.xcodeproj */,
				3FC0CE6810559EB100BF2243 /* OCMock.framework */,
				3F18D77F10B34896000F8F3B /* UISpec.xcodeproj */,
				3F18D6DC10B346F0000F8F3B /* Three20.bundle */,
			);
			path = Libraries;
			sourceTree = "<group>";
		};
		3FC0D16E10559F7F00BF2243 /* Resources */ = {
			isa = PBXGroup;
			children = (
				3FC0D16F10559F7F00BF2243 /* PLISTs */,
				3FC0D17210559F7F00BF2243 /* PNGs */,
				3FC0D17310559F7F00BF2243 /* XIBs */,
			);
			path = Resources;
			sourceTree = "<group>";
		};
		3FC0D16F10559F7F00BF2243 /* PLISTs */ = {
			isa = PBXGroup;
			children = (
				3FC0D17010559F7F00BF2243 /* Info.plist */,
				3F18D77B10B34868000F8F3B /* Info UISpec.plist */,
				3F2CF58A10CD4ECB0096C192 /* Info copy.plist */,
			);
			path = PLISTs;
			sourceTree = "<group>";
		};
		3FC0D17210559F7F00BF2243 /* PNGs */ = {
			isa = PBXGroup;
			children = (
			);
			path = PNGs;
			sourceTree = "<group>";
		};
		3FC0D17310559F7F00BF2243 /* XIBs */ = {
			isa = PBXGroup;
			children = (
			);
			path = XIBs;
			sourceTree = "<group>";
		};
/* End PBXGroup section */

/* Begin PBXNativeTarget section */
		1D6058900D05DD3D006BFB54 /* ___PROJECTNAME___ */ = {
			isa = PBXNativeTarget;
			buildConfigurationList = 1D6058960D05DD3E006BFB54 /* Build configuration list for PBXNativeTarget "___PROJECTNAME___" */;
			buildPhases = (
				1D60588D0D05DD3D006BFB54 /* Resources */,
				1D60588E0D05DD3D006BFB54 /* Sources */,
				1D60588F0D05DD3D006BFB54 /* Frameworks */,
			);
			buildRules = (
			);
			dependencies = (
				3F2ED13911E227A600CC78A5 /* PBXTargetDependency */,
			);
			name = "___PROJECTNAME___";
			productName = "___PROJECTNAME___";
			productReference = 3FC0D17E10559FBF00BF2243 /* ___PROJECTNAME___.app */;
			productType = "com.apple.product-type.application";
		};
		3F18D76510B34868000F8F3B /* UISpec */ = {
			isa = PBXNativeTarget;
			buildConfigurationList = 3F18D77610B34868000F8F3B /* Build configuration list for PBXNativeTarget "UISpec" */;
			buildPhases = (
				3F18D76A10B34868000F8F3B /* Resources */,
				3F18D76C10B34868000F8F3B /* Sources */,
				3F18D76F10B34868000F8F3B /* Frameworks */,
			);
			buildRules = (
			);
			dependencies = (
				3FF1049810B34B1A000EB6F2 /* PBXTargetDependency */,
				3F2ED2AF11E22A8600CC78A5 /* PBXTargetDependency */,
			);
			name = UISpec;
			productName = "___PROJECTNAME___";
			productReference = 3F18D77910B34868000F8F3B /* UISpec.app */;
			productType = "com.apple.product-type.application";
		};
/* End PBXNativeTarget section */

/* Begin PBXProject section */
		29B97313FDCFA39411CA2CEA /* Project object */ = {
			isa = PBXProject;
			buildConfigurationList = C01FCF4E08A954540054247B /* Build configuration list for PBXProject "___PROJECTNAME___" */;
			compatibilityVersion = "Xcode 3.1";
			hasScannedForEncodings = 1;
			mainGroup = 29B97314FDCFA39411CA2CEA /* CustomTemplate */;
			productRefGroup = 29B97314FDCFA39411CA2CEA /* CustomTemplate */;
			projectDirPath = "";
			projectReferences = (
				{
					ProductGroup = 3F2ED0CC11E2279000CC78A5 /* Products */;
					ProjectRef = 3F2ED0CB11E2279000CC78A5 /* Three20.xcodeproj */;
				},
				{
					ProductGroup = 3F2ED10311E2279900CC78A5 /* Products */;
					ProjectRef = 3F2ED10211E2279900CC78A5 /* Three20Core.xcodeproj */;
				},
				{
					ProductGroup = 3F2ED10611E2279900CC78A5 /* Products */;
					ProjectRef = 3F2ED10511E2279900CC78A5 /* Three20Network.xcodeproj */;
				},
				{
					ProductGroup = 3F2ED10911E2279900CC78A5 /* Products */;
					ProjectRef = 3F2ED10811E2279900CC78A5 /* Three20Style.xcodeproj */;
				},
				{
					ProductGroup = 3F2ED10C11E2279900CC78A5 /* Products */;
					ProjectRef = 3F2ED10B11E2279900CC78A5 /* Three20UI.xcodeproj */;
				},
				{
					ProductGroup = 3F2ED10F11E2279900CC78A5 /* Products */;
					ProjectRef = 3F2ED10E11E2279900CC78A5 /* Three20UICommon.xcodeproj */;
				},
				{
					ProductGroup = 3F2ED11211E2279900CC78A5 /* Products */;
					ProjectRef = 3F2ED11111E2279900CC78A5 /* Three20UINavigator.xcodeproj */;
				},
				{
					ProductGroup = 3F18D78010B34896000F8F3B /* Products */;
					ProjectRef = 3F18D77F10B34896000F8F3B /* UISpec.xcodeproj */;
				},
			);
			projectRoot = "";
			targets = (
				1D6058900D05DD3D006BFB54 /* ___PROJECTNAME___ */,
				3F18D76510B34868000F8F3B /* UISpec */,
				3F28761A112F0F5B007D76EE /* Client Build */,
				3F287634112F1112007D76EE /* Release Build */,
				3F90A39511B818910016EE41 /* Generate Documentation */,
			);
		};
/* End PBXProject section */

/* Begin PBXReferenceProxy section */
		3F18D78610B34896000F8F3B /* UISpec_Simulator.a */ = {
			isa = PBXReferenceProxy;
			fileType = archive.ar;
			path = UISpec_Simulator.a;
			remoteRef = 3F18D78510B34896000F8F3B /* PBXContainerItemProxy */;
			sourceTree = BUILT_PRODUCTS_DIR;
		};
		3F18D78810B34896000F8F3B /* UISpec_Device.a */ = {
			isa = PBXReferenceProxy;
			fileType = archive.ar;
			path = UISpec_Device.a;
			remoteRef = 3F18D78710B34896000F8F3B /* PBXContainerItemProxy */;
			sourceTree = BUILT_PRODUCTS_DIR;
		};
		3F2ED0F711E2279000CC78A5 /* libThree20.a */ = {
			isa = PBXReferenceProxy;
			fileType = archive.ar;
			path = libThree20.a;
			remoteRef = 3F2ED0F611E2279000CC78A5 /* PBXContainerItemProxy */;
			sourceTree = BUILT_PRODUCTS_DIR;
		};
		3F2ED0F911E2279000CC78A5 /* UnitTests.octest */ = {
			isa = PBXReferenceProxy;
			fileType = wrapper.cfbundle;
			path = UnitTests.octest;
			remoteRef = 3F2ED0F811E2279000CC78A5 /* PBXContainerItemProxy */;
			sourceTree = BUILT_PRODUCTS_DIR;
		};
		3F2ED11711E2279900CC78A5 /* libThree20Core.a */ = {
			isa = PBXReferenceProxy;
			fileType = archive.ar;
			path = libThree20Core.a;
			remoteRef = 3F2ED11611E2279900CC78A5 /* PBXContainerItemProxy */;
			sourceTree = BUILT_PRODUCTS_DIR;
		};
		3F2ED11911E2279900CC78A5 /* CoreUnitTests.octest */ = {
			isa = PBXReferenceProxy;
			fileType = wrapper.cfbundle;
			path = CoreUnitTests.octest;
			remoteRef = 3F2ED11811E2279900CC78A5 /* PBXContainerItemProxy */;
			sourceTree = BUILT_PRODUCTS_DIR;
		};
		3F2ED11D11E2279900CC78A5 /* libThree20Network.a */ = {
			isa = PBXReferenceProxy;
			fileType = archive.ar;
			path = libThree20Network.a;
			remoteRef = 3F2ED11C11E2279900CC78A5 /* PBXContainerItemProxy */;
			sourceTree = BUILT_PRODUCTS_DIR;
		};
		3F2ED11F11E2279900CC78A5 /* UnitTests.octest */ = {
			isa = PBXReferenceProxy;
			fileType = wrapper.cfbundle;
			path = UnitTests.octest;
			remoteRef = 3F2ED11E11E2279900CC78A5 /* PBXContainerItemProxy */;
			sourceTree = BUILT_PRODUCTS_DIR;
		};
		3F2ED12311E2279900CC78A5 /* libThree20Style.a */ = {
			isa = PBXReferenceProxy;
			fileType = archive.ar;
			path = libThree20Style.a;
			remoteRef = 3F2ED12211E2279900CC78A5 /* PBXContainerItemProxy */;
			sourceTree = BUILT_PRODUCTS_DIR;
		};
		3F2ED12511E2279900CC78A5 /* UnitTests.octest */ = {
			isa = PBXReferenceProxy;
			fileType = wrapper.cfbundle;
			path = UnitTests.octest;
			remoteRef = 3F2ED12411E2279900CC78A5 /* PBXContainerItemProxy */;
			sourceTree = BUILT_PRODUCTS_DIR;
		};
		3F2ED12911E2279900CC78A5 /* libThree20UI.a */ = {
			isa = PBXReferenceProxy;
			fileType = archive.ar;
			path = libThree20UI.a;
			remoteRef = 3F2ED12811E2279900CC78A5 /* PBXContainerItemProxy */;
			sourceTree = BUILT_PRODUCTS_DIR;
		};
		3F2ED12B11E2279900CC78A5 /* UnitTests.octest */ = {
			isa = PBXReferenceProxy;
			fileType = wrapper.cfbundle;
			path = UnitTests.octest;
			remoteRef = 3F2ED12A11E2279900CC78A5 /* PBXContainerItemProxy */;
			sourceTree = BUILT_PRODUCTS_DIR;
		};
		3F2ED12F11E2279900CC78A5 /* libThree20UICommon.a */ = {
			isa = PBXReferenceProxy;
			fileType = archive.ar;
			path = libThree20UICommon.a;
			remoteRef = 3F2ED12E11E2279900CC78A5 /* PBXContainerItemProxy */;
			sourceTree = BUILT_PRODUCTS_DIR;
		};
		3F2ED13111E2279900CC78A5 /* UnitTests.octest */ = {
			isa = PBXReferenceProxy;
			fileType = wrapper.cfbundle;
			path = UnitTests.octest;
			remoteRef = 3F2ED13011E2279900CC78A5 /* PBXContainerItemProxy */;
			sourceTree = BUILT_PRODUCTS_DIR;
		};
		3F2ED13511E2279900CC78A5 /* libThree20UINavigator.a */ = {
			isa = PBXReferenceProxy;
			fileType = archive.ar;
			path = libThree20UINavigator.a;
			remoteRef = 3F2ED13411E2279900CC78A5 /* PBXContainerItemProxy */;
			sourceTree = BUILT_PRODUCTS_DIR;
		};
		3F2ED13711E2279900CC78A5 /* UnitTests.octest */ = {
			isa = PBXReferenceProxy;
			fileType = wrapper.cfbundle;
			path = UnitTests.octest;
			remoteRef = 3F2ED13611E2279900CC78A5 /* PBXContainerItemProxy */;
			sourceTree = BUILT_PRODUCTS_DIR;
		};
		3F90A1C911B7F4EE0016EE41 /* Specs.app */ = {
			isa = PBXReferenceProxy;
			fileType = wrapper.application;
			path = Specs.app;
			remoteRef = 3F90A1C811B7F4EE0016EE41 /* PBXContainerItemProxy */;
			sourceTree = BUILT_PRODUCTS_DIR;
		};
/* End PBXReferenceProxy section */

/* Begin PBXResourcesBuildPhase section */
		1D60588D0D05DD3D006BFB54 /* Resources */ = {
			isa = PBXResourcesBuildPhase;
			buildActionMask = 2147483647;
			files = (
				3F18D6DD10B346F0000F8F3B /* Three20.bundle in Resources */,
			);
			runOnlyForDeploymentPostprocessing = 0;
		};
		3F18D76A10B34868000F8F3B /* Resources */ = {
			isa = PBXResourcesBuildPhase;
			buildActionMask = 2147483647;
			files = (
				3F18D76B10B34868000F8F3B /* Three20.bundle in Resources */,
			);
			runOnlyForDeploymentPostprocessing = 0;
		};
/* End PBXResourcesBuildPhase section */

/* Begin PBXShellScriptBuildPhase section */
		3F287633112F1112007D76EE /* ShellScript */ = {
			isa = PBXShellScriptBuildPhase;
			buildActionMask = 2147483647;
			files = (
			);
			inputPaths = (
			);
			outputPaths = (
			);
			runOnlyForDeploymentPostprocessing = 0;
			shellPath = /bin/sh;
			shellScript = "/usr/bin/env ruby \"$SOURCE_ROOT/Scripts/iPhone-Build-Script/release_build_script.rb\"";
		};
		3FDF268E11B9790D00E77D9D /* ShellScript */ = {
			isa = PBXShellScriptBuildPhase;
			buildActionMask = 2147483647;
			files = (
			);
			inputPaths = (
			);
			outputPaths = (
			);
			runOnlyForDeploymentPostprocessing = 0;
			shellPath = /bin/sh;
			shellScript = "/bin/sh \"$SOURCE_ROOT/Scripts/iPhone-Build-Script/documentation.sh\"";
		};
		3FDF269011B9792F00E77D9D /* ShellScript */ = {
			isa = PBXShellScriptBuildPhase;
			buildActionMask = 2147483647;
			files = (
			);
			inputPaths = (
			);
			outputPaths = (
			);
			runOnlyForDeploymentPostprocessing = 0;
			shellPath = /bin/sh;
			shellScript = "/usr/bin/env ruby \"$SOURCE_ROOT/Scripts/iPhone-Build-Script/client_build_script.rb\"";
		};
/* End PBXShellScriptBuildPhase section */

/* Begin PBXSourcesBuildPhase section */
		1D60588E0D05DD3D006BFB54 /* Sources */ = {
			isa = PBXSourcesBuildPhase;
			buildActionMask = 2147483647;
			files = (
				3FC0CE6510559E8E00BF2243 /* ___PROJECTNAMEASIDENTIFIER___AppDelegate.m in Sources */,
				3FC0CE6610559E8E00BF2243 /* main.m in Sources */,
				3F90A34911B815AA0016EE41 /* DoxygenTest.m in Sources */,
			);
			runOnlyForDeploymentPostprocessing = 0;
		};
		3F18D76C10B34868000F8F3B /* Sources */ = {
			isa = PBXSourcesBuildPhase;
			buildActionMask = 2147483647;
			files = (
				3F18D76D10B34868000F8F3B /* ___PROJECTNAMEASIDENTIFIER___AppDelegate.m in Sources */,
				3F18D79210B34905000F8F3B /* main.m in Sources */,
				3F18D7A410B3494A000F8F3B /* UISpecExample.m in Sources */,
				3F90A34A11B815AA0016EE41 /* DoxygenTest.m in Sources */,
			);
			runOnlyForDeploymentPostprocessing = 0;
		};
/* End PBXSourcesBuildPhase section */

/* Begin PBXTargetDependency section */
		3F28761E112F0F6B007D76EE /* PBXTargetDependency */ = {
			isa = PBXTargetDependency;
			target = 1D6058900D05DD3D006BFB54 /* ___PROJECTNAME___ */;
			targetProxy = 3F28761D112F0F6B007D76EE /* PBXContainerItemProxy */;
		};
		3F28763F112F11B0007D76EE /* PBXTargetDependency */ = {
			isa = PBXTargetDependency;
			target = 1D6058900D05DD3D006BFB54 /* ___PROJECTNAME___ */;
			targetProxy = 3F28763E112F11B0007D76EE /* PBXContainerItemProxy */;
		};
		3F2ED13911E227A600CC78A5 /* PBXTargetDependency */ = {
			isa = PBXTargetDependency;
			name = Three20;
			targetProxy = 3F2ED13811E227A600CC78A5 /* PBXContainerItemProxy */;
		};
		3F2ED2AF11E22A8600CC78A5 /* PBXTargetDependency */ = {
			isa = PBXTargetDependency;
			name = Three20;
			targetProxy = 3F2ED2AE11E22A8600CC78A5 /* PBXContainerItemProxy */;
		};
		3F90A3A411B819000016EE41 /* PBXTargetDependency */ = {
			isa = PBXTargetDependency;
			target = 1D6058900D05DD3D006BFB54 /* ___PROJECTNAME___ */;
			targetProxy = 3F90A3A311B819000016EE41 /* PBXContainerItemProxy */;
		};
		3FF1049810B34B1A000EB6F2 /* PBXTargetDependency */ = {
			isa = PBXTargetDependency;
			name = UISpec_Simulator;
			targetProxy = 3FF1049710B34B1A000EB6F2 /* PBXContainerItemProxy */;
		};
/* End PBXTargetDependency section */

/* Begin XCBuildConfiguration section */
		1D6058940D05DD3E006BFB54 /* Debug */ = {
			isa = XCBuildConfiguration;
			buildSettings = {
				ALWAYS_SEARCH_USER_PATHS = NO;
				COPY_PHASE_STRIP = NO;
				CURRENT_PROJECT_VERSION = 5;
				DOXYGEN_PATH = /Applications/Doxygen.app/Contents/Resources/doxygen;
				FRAMEWORK_SEARCH_PATHS = "$(inherited)";
				GCC_DYNAMIC_NO_PIC = NO;
				GCC_OPTIMIZATION_LEVEL = 0;
				GCC_PRECOMPILE_PREFIX_HEADER = YES;
				GCC_PREFIX_HEADER = "Code/Other/___PROJECTNAMEASIDENTIFIER____Prefix.pch";
				GCC_VERSION = "";
				HEADER_SEARCH_PATHS = Libraries/three20/Build/Products/three20;
				INFOPLIST_FILE = Resources/PLISTs/Info.plist;
				LIBRARY_SEARCH_PATHS = "$(inherited)";
				OTHER_LDFLAGS = (
					"-all_load",
					"-ObjC",
				);
				PRODUCT_NAME = "___PROJECTNAME___";
				SYMROOT = Build;
			};
			name = Debug;
		};
		1D6058950D05DD3E006BFB54 /* Release */ = {
			isa = XCBuildConfiguration;
			buildSettings = {
				ALWAYS_SEARCH_USER_PATHS = NO;
				"CODE_SIGN_IDENTITY[sdk=iphoneos*]" = "iPhone Developer";
				COPY_PHASE_STRIP = YES;
				CURRENT_PROJECT_VERSION = 1;
				DOXYGEN_PATH = /Applications/Doxygen.app/Contents/Resources/doxygen;
				FRAMEWORK_SEARCH_PATHS = "$(inherited)";
				GCC_PRECOMPILE_PREFIX_HEADER = YES;
				GCC_PREFIX_HEADER = "Code/Other/___PROJECTNAMEASIDENTIFIER____Prefix.pch";
				GCC_VERSION = "";
				HEADER_SEARCH_PATHS = Libraries/three20/Build/Products/three20;
				INFOPLIST_FILE = Resources/PLISTs/Info.plist;
				LIBRARY_SEARCH_PATHS = "$(inherited)";
				OTHER_LDFLAGS = (
					"-all_load",
					"-ObjC",
				);
				PRODUCT_NAME = "___PROJECTNAME___";
				"PROVISIONING_PROFILE[sdk=iphoneos*]" = "";
				SYMROOT = Build;
			};
			name = Release;
		};
		3F18D77710B34868000F8F3B /* Debug */ = {
			isa = XCBuildConfiguration;
			buildSettings = {
				ALWAYS_SEARCH_USER_PATHS = NO;
				COPY_PHASE_STRIP = NO;
				FRAMEWORK_SEARCH_PATHS = "$(inherited)";
				GCC_DYNAMIC_NO_PIC = NO;
				GCC_OPTIMIZATION_LEVEL = 0;
				GCC_PRECOMPILE_PREFIX_HEADER = YES;
				GCC_PREFIX_HEADER = "Code/Other/___PROJECTNAMEASIDENTIFIER____Prefix.pch";
				GCC_VERSION = "";
				HEADER_SEARCH_PATHS = (
					"Libraries/UISpec/src/**",
					Libraries/three20/Build/Products/three20,
				);
				INFOPLIST_FILE = "Resources/PLISTs/Info UISpec.plist";
				LIBRARY_SEARCH_PATHS = "$(inherited)";
				OTHER_LDFLAGS = (
					"-all_load",
					"-ObjC",
				);
				PRODUCT_NAME = UISpec;
			};
			name = Debug;
		};
		3F18D77810B34868000F8F3B /* Release */ = {
			isa = XCBuildConfiguration;
			buildSettings = {
				ALWAYS_SEARCH_USER_PATHS = NO;
				COPY_PHASE_STRIP = YES;
				FRAMEWORK_SEARCH_PATHS = "$(inherited)";
				GCC_PRECOMPILE_PREFIX_HEADER = YES;
				GCC_PREFIX_HEADER = "Code/Other/___PROJECTNAMEASIDENTIFIER____Prefix.pch";
				GCC_VERSION = "";
				HEADER_SEARCH_PATHS = (
					"Libraries/UISpec/src/**",
					Libraries/three20/Build/Products/three20,
				);
				INFOPLIST_FILE = "Resources/PLISTs/Info UISpec.plist";
				LIBRARY_SEARCH_PATHS = "$(inherited)";
				OTHER_LDFLAGS = (
					"-all_load",
					"-ObjC",
				);
				PRODUCT_NAME = UISpec;
			};
			name = Release;
		};
		3F28761B112F0F5B007D76EE /* Debug */ = {
			isa = XCBuildConfiguration;
			buildSettings = {
				COPY_PHASE_STRIP = NO;
				GCC_DYNAMIC_NO_PIC = NO;
				GCC_OPTIMIZATION_LEVEL = 0;
				PRODUCT_NAME = "Client Build";
			};
			name = Debug;
		};
		3F28761C112F0F5B007D76EE /* Release */ = {
			isa = XCBuildConfiguration;
			buildSettings = {
				COPY_PHASE_STRIP = YES;
				DEBUG_INFORMATION_FORMAT = "dwarf-with-dsym";
				GCC_ENABLE_FIX_AND_CONTINUE = NO;
				PRODUCT_NAME = "Client Build";
				ZERO_LINK = NO;
			};
			name = Release;
		};
		3F287635112F1112007D76EE /* Debug */ = {
			isa = XCBuildConfiguration;
			buildSettings = {
				COPY_PHASE_STRIP = NO;
				GCC_DYNAMIC_NO_PIC = NO;
				GCC_OPTIMIZATION_LEVEL = 0;
				PRODUCT_NAME = "Release Build";
			};
			name = Debug;
		};
		3F287636112F1112007D76EE /* Release */ = {
			isa = XCBuildConfiguration;
			buildSettings = {
				COPY_PHASE_STRIP = YES;
				DEBUG_INFORMATION_FORMAT = "dwarf-with-dsym";
				GCC_ENABLE_FIX_AND_CONTINUE = NO;
				PRODUCT_NAME = "Release Build";
				ZERO_LINK = NO;
			};
			name = Release;
		};
		3F287637112F113E007D76EE /* Distribution */ = {
			isa = XCBuildConfiguration;
			buildSettings = {
				ARCHS = "$(ARCHS_STANDARD_32_BIT)";
				"CODE_SIGN_IDENTITY[sdk=iphoneos*]" = "iPhone Developer";
				GCC_C_LANGUAGE_STANDARD = c99;
				GCC_WARN_ABOUT_RETURN_TYPE = YES;
				GCC_WARN_UNUSED_VARIABLE = YES;
				IPHONEOS_DEPLOYMENT_TARGET = 3.0;
				PREBINDING = NO;
				SDKROOT = iphoneos4.0;
				SYMROOT = Build;
			};
			name = Distribution;
		};
		3F287638112F113E007D76EE /* Distribution */ = {
			isa = XCBuildConfiguration;
			buildSettings = {
				ALWAYS_SEARCH_USER_PATHS = NO;
				COPY_PHASE_STRIP = YES;
				CURRENT_PROJECT_VERSION = 5;
				DOXYGEN_PATH = /Applications/Doxygen.app/Contents/Resources/doxygen;
				FRAMEWORK_SEARCH_PATHS = "$(inherited)";
				GCC_PRECOMPILE_PREFIX_HEADER = YES;
				GCC_PREFIX_HEADER = "Code/Other/___PROJECTNAMEASIDENTIFIER____Prefix.pch";
				GCC_VERSION = "";
				HEADER_SEARCH_PATHS = Libraries/three20/Build/Products/three20;
				INFOPLIST_FILE = Resources/PLISTs/Info.plist;
				LIBRARY_SEARCH_PATHS = "$(inherited)";
				OTHER_LDFLAGS = (
					"-all_load",
					"-ObjC",
				);
				PRODUCT_NAME = "___PROJECTNAME___";
				SYMROOT = Build;
			};
			name = Distribution;
		};
		3F287639112F113E007D76EE /* Distribution */ = {
			isa = XCBuildConfiguration;
			buildSettings = {
				ALWAYS_SEARCH_USER_PATHS = NO;
				COPY_PHASE_STRIP = YES;
				FRAMEWORK_SEARCH_PATHS = "$(inherited)";
				GCC_PRECOMPILE_PREFIX_HEADER = YES;
				GCC_PREFIX_HEADER = "Code/Other/___PROJECTNAMEASIDENTIFIER____Prefix.pch";
				GCC_VERSION = "";
				HEADER_SEARCH_PATHS = (
					"Libraries/UISpec/src/**",
					Libraries/three20/Build/Products/three20,
				);
				INFOPLIST_FILE = "Resources/PLISTs/Info UISpec.plist";
				LIBRARY_SEARCH_PATHS = "$(inherited)";
				OTHER_LDFLAGS = (
					"-all_load",
					"-ObjC",
				);
				PRODUCT_NAME = UISpec;
			};
			name = Distribution;
		};
		3F28763A112F113E007D76EE /* Distribution */ = {
			isa = XCBuildConfiguration;
			buildSettings = {
				COPY_PHASE_STRIP = YES;
				DEBUG_INFORMATION_FORMAT = "dwarf-with-dsym";
				GCC_ENABLE_FIX_AND_CONTINUE = NO;
				PRODUCT_NAME = "Client Build";
				ZERO_LINK = NO;
			};
			name = Distribution;
		};
		3F28763B112F113E007D76EE /* Distribution */ = {
			isa = XCBuildConfiguration;
			buildSettings = {
				COPY_PHASE_STRIP = YES;
				DEBUG_INFORMATION_FORMAT = "dwarf-with-dsym";
				GCC_ENABLE_FIX_AND_CONTINUE = NO;
				PRODUCT_NAME = "Release Build";
				ZERO_LINK = NO;
			};
			name = Distribution;
		};
		3F90A39611B818920016EE41 /* Debug */ = {
			isa = XCBuildConfiguration;
			buildSettings = {
				COPY_PHASE_STRIP = NO;
				GCC_DYNAMIC_NO_PIC = NO;
				GCC_OPTIMIZATION_LEVEL = 0;
				PRODUCT_NAME = "Generate Documentation";
			};
			name = Debug;
		};
		3F90A39711B818920016EE41 /* Release */ = {
			isa = XCBuildConfiguration;
			buildSettings = {
				COPY_PHASE_STRIP = YES;
				DEBUG_INFORMATION_FORMAT = "dwarf-with-dsym";
				GCC_ENABLE_FIX_AND_CONTINUE = NO;
				PRODUCT_NAME = "Generate Documentation";
				ZERO_LINK = NO;
			};
			name = Release;
		};
		3F90A39811B818920016EE41 /* Distribution */ = {
			isa = XCBuildConfiguration;
			buildSettings = {
				PRODUCT_NAME = "Generate Documentation";
			};
			name = Distribution;
		};
		C01FCF4F08A954540054247B /* Debug */ = {
			isa = XCBuildConfiguration;
			buildSettings = {
				ARCHS = "$(ARCHS_STANDARD_32_BIT)";
				"CODE_SIGN_IDENTITY[sdk=iphoneos*]" = "iPhone Developer";
				GCC_C_LANGUAGE_STANDARD = c99;
				GCC_WARN_ABOUT_RETURN_TYPE = YES;
				GCC_WARN_UNUSED_VARIABLE = YES;
				IPHONEOS_DEPLOYMENT_TARGET = 3.0;
				ONLY_ACTIVE_ARCH = YES;
				PREBINDING = NO;
				SDKROOT = iphoneos4.0;
				SYMROOT = Build;
			};
			name = Debug;
		};
		C01FCF5008A954540054247B /* Release */ = {
			isa = XCBuildConfiguration;
			buildSettings = {
				ARCHS = "$(ARCHS_STANDARD_32_BIT)";
				"CODE_SIGN_IDENTITY[sdk=iphoneos*]" = "iPhone Developer";
				GCC_C_LANGUAGE_STANDARD = c99;
				GCC_WARN_ABOUT_RETURN_TYPE = YES;
				GCC_WARN_UNUSED_VARIABLE = YES;
				IPHONEOS_DEPLOYMENT_TARGET = 3.0;
				PREBINDING = NO;
				SDKROOT = iphoneos4.0;
				SYMROOT = Build;
			};
			name = Release;
		};
/* End XCBuildConfiguration section */

/* Begin XCConfigurationList section */
		1D6058960D05DD3E006BFB54 /* Build configuration list for PBXNativeTarget "___PROJECTNAME___" */ = {
			isa = XCConfigurationList;
			buildConfigurations = (
				1D6058940D05DD3E006BFB54 /* Debug */,
				1D6058950D05DD3E006BFB54 /* Release */,
				3F287638112F113E007D76EE /* Distribution */,
			);
			defaultConfigurationIsVisible = 0;
			defaultConfigurationName = Release;
		};
		3F18D77610B34868000F8F3B /* Build configuration list for PBXNativeTarget "UISpec" */ = {
			isa = XCConfigurationList;
			buildConfigurations = (
				3F18D77710B34868000F8F3B /* Debug */,
				3F18D77810B34868000F8F3B /* Release */,
				3F287639112F113E007D76EE /* Distribution */,
			);
			defaultConfigurationIsVisible = 0;
			defaultConfigurationName = Release;
		};
		3F28761F112F0F85007D76EE /* Build configuration list for PBXAggregateTarget "Client Build" */ = {
			isa = XCConfigurationList;
			buildConfigurations = (
				3F28761B112F0F5B007D76EE /* Debug */,
				3F28761C112F0F5B007D76EE /* Release */,
				3F28763A112F113E007D76EE /* Distribution */,
			);
			defaultConfigurationIsVisible = 0;
			defaultConfigurationName = Release;
		};
		3F28763D112F114E007D76EE /* Build configuration list for PBXAggregateTarget "Release Build" */ = {
			isa = XCConfigurationList;
			buildConfigurations = (
				3F287635112F1112007D76EE /* Debug */,
				3F287636112F1112007D76EE /* Release */,
				3F28763B112F113E007D76EE /* Distribution */,
			);
			defaultConfigurationIsVisible = 0;
			defaultConfigurationName = Release;
		};
		3F90A39911B818B00016EE41 /* Build configuration list for PBXAggregateTarget "Generate Documentation" */ = {
			isa = XCConfigurationList;
			buildConfigurations = (
				3F90A39611B818920016EE41 /* Debug */,
				3F90A39711B818920016EE41 /* Release */,
				3F90A39811B818920016EE41 /* Distribution */,
			);
			defaultConfigurationIsVisible = 0;
			defaultConfigurationName = Release;
		};
		C01FCF4E08A954540054247B /* Build configuration list for PBXProject "___PROJECTNAME___" */ = {
			isa = XCConfigurationList;
			buildConfigurations = (
				C01FCF4F08A954540054247B /* Debug */,
				C01FCF5008A954540054247B /* Release */,
				3F287637112F113E007D76EE /* Distribution */,
			);
			defaultConfigurationIsVisible = 0;
			defaultConfigurationName = Release;
		};
/* End XCConfigurationList section */
	};
	rootObject = 29B97313FDCFA39411CA2CEA /* Project object */;
}
