// !$*UTF8*$!
{
	archiveVersion = 1;
	classes = {
	};
	objectVersion = 45;
	objects = {

/* Begin PBXBuildFile section */
		3F18D6DD10B346F0000F8F3B /* Three20.bundle in Resources */ = {isa = PBXBuildFile; fileRef = 3F18D6DC10B346F0000F8F3B /* Three20.bundle */; };
		3FC0CE6510559E8E00BF2243 /* ___PROJECTNAMEASIDENTIFIER___AppDelegate.m in Sources */ = {isa = PBXBuildFile; fileRef = 3FC0CE6110559E8E00BF2243 /* ___PROJECTNAMEASIDENTIFIER___AppDelegate.m */; };
		3FC0CE6610559E8E00BF2243 /* main.m in Sources */ = {isa = PBXBuildFile; fileRef = 3FC0CE6310559E8E00BF2243 /* main.m */; };
		3FC0D1901055A00800BF2243 /* Foundation.framework in Frameworks */ = {isa = PBXBuildFile; fileRef = 3FC0D18F1055A00800BF2243 /* Foundation.framework */; };
		3FC0D1941055A00B00BF2243 /* UIKit.framework in Frameworks */ = {isa = PBXBuildFile; fileRef = 3FC0D1931055A00B00BF2243 /* UIKit.framework */; };
		3FC0D1A61055A0A800BF2243 /* CoreGraphics.framework in Frameworks */ = {isa = PBXBuildFile; fileRef = 3FC0D1A51055A0A800BF2243 /* CoreGraphics.framework */; };
		3FC0D1AC1055A0B700BF2243 /* QuartzCore.framework in Frameworks */ = {isa = PBXBuildFile; fileRef = 3FC0D1AB1055A0B700BF2243 /* QuartzCore.framework */; };
/* End PBXBuildFile section */

/* Begin PBXContainerItemProxy section */
		3F18D5E510B346AB000F8F3B /* PBXContainerItemProxy */ = {
			isa = PBXContainerItemProxy;
			containerPortal = 3F18D5E110B346AB000F8F3B /* Three20.xcodeproj */;
			proxyType = 2;
			remoteGlobalIDString = BEF31F3A0F352DF5000DE5D2 /* libThree20.a */;
			remoteInfo = Three20;
		};
		3F18D73510B34754000F8F3B /* PBXContainerItemProxy */ = {
			isa = PBXContainerItemProxy;
			containerPortal = 3F18D5E110B346AB000F8F3B /* Three20.xcodeproj */;
			proxyType = 1;
			remoteGlobalIDString = BEF31F390F352DF5000DE5D2 /* Three20 */;
			remoteInfo = Three20;
		};
/* End PBXContainerItemProxy section */

/* Begin PBXFileReference section */
		3F18D5E110B346AB000F8F3B /* Three20.xcodeproj */ = {isa = PBXFileReference; lastKnownFileType = "wrapper.pb-project"; name = Three20.xcodeproj; path = three20/src/Three20.xcodeproj; sourceTree = "<group>"; };
		3F18D6DC10B346F0000F8F3B /* Three20.bundle */ = {isa = PBXFileReference; lastKnownFileType = "wrapper.plug-in"; name = Three20.bundle; path = three20/src/Three20.bundle; sourceTree = "<group>"; };
		3FC0CE6010559E8E00BF2243 /* ___PROJECTNAMEASIDENTIFIER___AppDelegate.h */ = {isa = PBXFileReference; fileEncoding = 4; lastKnownFileType = sourcecode.c.h; path = "___PROJECTNAMEASIDENTIFIER___AppDelegate.h"; sourceTree = "<group>"; };
		3FC0CE6110559E8E00BF2243 /* ___PROJECTNAMEASIDENTIFIER___AppDelegate.m */ = {isa = PBXFileReference; fileEncoding = 4; lastKnownFileType = sourcecode.c.objc; path = "___PROJECTNAMEASIDENTIFIER___AppDelegate.m"; sourceTree = "<group>"; };
		3FC0CE6210559E8E00BF2243 /* ___PROJECTNAMEASIDENTIFIER____Prefix.pch */ = {isa = PBXFileReference; fileEncoding = 4; lastKnownFileType = sourcecode.c.h; path = "___PROJECTNAMEASIDENTIFIER____Prefix.pch"; sourceTree = "<group>"; };
		3FC0CE6310559E8E00BF2243 /* main.m */ = {isa = PBXFileReference; fileEncoding = 4; lastKnownFileType = sourcecode.c.objc; path = main.m; sourceTree = "<group>"; };
		3FC0CE6810559EB100BF2243 /* OCMock.framework */ = {isa = PBXFileReference; lastKnownFileType = wrapper.framework; name = OCMock.framework; path = Frameworks/OCMock.framework; sourceTree = "<group>"; };
		3FC0D17010559F7F00BF2243 /* Info.plist */ = {isa = PBXFileReference; fileEncoding = 4; lastKnownFileType = text.plist.xml; path = Info.plist; sourceTree = "<group>"; };
		3FC0D17E10559FBF00BF2243 /* ___PROJECTNAME___.app */ = {isa = PBXFileReference; explicitFileType = wrapper.application; includeInIndex = 0; path = "___PROJECTNAME___.app"; sourceTree = BUILT_PRODUCTS_DIR; };
		3FC0D18F1055A00800BF2243 /* Foundation.framework */ = {isa = PBXFileReference; lastKnownFileType = wrapper.framework; name = Foundation.framework; path = System/Library/Frameworks/Foundation.framework; sourceTree = SDKROOT; };
		3FC0D1931055A00B00BF2243 /* UIKit.framework */ = {isa = PBXFileReference; lastKnownFileType = wrapper.framework; name = UIKit.framework; path = System/Library/Frameworks/UIKit.framework; sourceTree = SDKROOT; };
		3FC0D1A51055A0A800BF2243 /* CoreGraphics.framework */ = {isa = PBXFileReference; lastKnownFileType = wrapper.framework; name = CoreGraphics.framework; path = System/Library/Frameworks/CoreGraphics.framework; sourceTree = SDKROOT; };
		3FC0D1AB1055A0B700BF2243 /* QuartzCore.framework */ = {isa = PBXFileReference; lastKnownFileType = wrapper.framework; name = QuartzCore.framework; path = System/Library/Frameworks/QuartzCore.framework; sourceTree = SDKROOT; };
		3FFC89771055E6640022C4F9 /* libxml2.dylib */ = {isa = PBXFileReference; lastKnownFileType = "compiled.mach-o.dylib"; name = libxml2.dylib; path = usr/lib/libxml2.dylib; sourceTree = SDKROOT; };
		3FFC89E21055E7C00022C4F9 /* CFNetwork.framework */ = {isa = PBXFileReference; lastKnownFileType = wrapper.framework; name = CFNetwork.framework; path = System/Library/Frameworks/CFNetwork.framework; sourceTree = SDKROOT; };
		3FFC89E41055E7C60022C4F9 /* libicucore.dylib */ = {isa = PBXFileReference; lastKnownFileType = "compiled.mach-o.dylib"; name = libicucore.dylib; path = usr/lib/libicucore.dylib; sourceTree = SDKROOT; };
		3FFC89E61055E7CA0022C4F9 /* libz.dylib */ = {isa = PBXFileReference; lastKnownFileType = "compiled.mach-o.dylib"; name = libz.dylib; path = usr/lib/libz.dylib; sourceTree = SDKROOT; };
		3FFC89E81055E7CC0022C4F9 /* SystemConfiguration.framework */ = {isa = PBXFileReference; lastKnownFileType = wrapper.framework; name = SystemConfiguration.framework; path = System/Library/Frameworks/SystemConfiguration.framework; sourceTree = SDKROOT; };
/* End PBXFileReference section */

/* Begin PBXFrameworksBuildPhase section */
		1D60588F0D05DD3D006BFB54 /* Frameworks */ = {
			isa = PBXFrameworksBuildPhase;
			buildActionMask = 2147483647;
			files = (
				3FC0D1901055A00800BF2243 /* Foundation.framework in Frameworks */,
				3FC0D1941055A00B00BF2243 /* UIKit.framework in Frameworks */,
				3FC0D1A61055A0A800BF2243 /* CoreGraphics.framework in Frameworks */,
				3FC0D1AC1055A0B700BF2243 /* QuartzCore.framework in Frameworks */,
			);
			runOnlyForDeploymentPostprocessing = 0;
		};
/* End PBXFrameworksBuildPhase section */

/* Begin PBXGroup section */
		29B97314FDCFA39411CA2CEA /* CustomTemplate */ = {
			isa = PBXGroup;
			children = (
				3FC0D16E10559F7F00BF2243 /* Resources */,
				3FC0CE5B10559E8E00BF2243 /* Code */,
				3FC0CE9810559ECE00BF2243 /* Libraries */,
				3FC0CE6F10559EB700BF2243 /* Frameworks */,
				3FC0D17E10559FBF00BF2243 /* ___PROJECTNAME___.app */,
			);
			name = CustomTemplate;
			sourceTree = "<group>";
		};
		3F18D5E210B346AB000F8F3B /* Products */ = {
			isa = PBXGroup;
			children = (
				3F18D5E610B346AB000F8F3B /* libThree20.a */,
			);
			name = Products;
			sourceTree = "<group>";
		};
		3FC0CE5B10559E8E00BF2243 /* Code */ = {
			isa = PBXGroup;
			children = (
				3FC0CE5C10559E8E00BF2243 /* Classes */,
				3FC0CE5D10559E8E00BF2243 /* Controllers */,
				3FC0CE5E10559E8E00BF2243 /* Models */,
				3FC0CE5F10559E8E00BF2243 /* Other */,
				3FC0CE6410559E8E00BF2243 /* Views */,
			);
			path = Code;
			sourceTree = "<group>";
		};
		3FC0CE5C10559E8E00BF2243 /* Classes */ = {
			isa = PBXGroup;
			children = (
			);
			path = Classes;
			sourceTree = "<group>";
		};
		3FC0CE5D10559E8E00BF2243 /* Controllers */ = {
			isa = PBXGroup;
			children = (
			);
			path = Controllers;
			sourceTree = "<group>";
		};
		3FC0CE5E10559E8E00BF2243 /* Models */ = {
			isa = PBXGroup;
			children = (
			);
			path = Models;
			sourceTree = "<group>";
		};
		3FC0CE5F10559E8E00BF2243 /* Other */ = {
			isa = PBXGroup;
			children = (
				3FC0CE6010559E8E00BF2243 /* ___PROJECTNAMEASIDENTIFIER___AppDelegate.h */,
				3FC0CE6110559E8E00BF2243 /* ___PROJECTNAMEASIDENTIFIER___AppDelegate.m */,
				3FC0CE6210559E8E00BF2243 /* ___PROJECTNAMEASIDENTIFIER____Prefix.pch */,
				3FC0CE6310559E8E00BF2243 /* main.m */,
			);
			path = Other;
			sourceTree = "<group>";
		};
		3FC0CE6410559E8E00BF2243 /* Views */ = {
			isa = PBXGroup;
			children = (
			);
			path = Views;
			sourceTree = "<group>";
		};
		3FC0CE6F10559EB700BF2243 /* Frameworks */ = {
			isa = PBXGroup;
			children = (
				3FC0D18F1055A00800BF2243 /* Foundation.framework */,
				3FC0D1931055A00B00BF2243 /* UIKit.framework */,
				3FC0D1A51055A0A800BF2243 /* CoreGraphics.framework */,
				3FC0D1AB1055A0B700BF2243 /* QuartzCore.framework */,
				3FFC89771055E6640022C4F9 /* libxml2.dylib */,
				3FFC89E21055E7C00022C4F9 /* CFNetwork.framework */,
				3FFC89E41055E7C60022C4F9 /* libicucore.dylib */,
				3FFC89E61055E7CA0022C4F9 /* libz.dylib */,
				3FFC89E81055E7CC0022C4F9 /* SystemConfiguration.framework */,
				3FC0CE6810559EB100BF2243 /* OCMock.framework */,
			);
			name = Frameworks;
			sourceTree = "<group>";
		};
		3FC0CE9810559ECE00BF2243 /* Libraries */ = {
			isa = PBXGroup;
			children = (
				3F18D6DC10B346F0000F8F3B /* Three20.bundle */,
				3F18D5E110B346AB000F8F3B /* Three20.xcodeproj */,
			);
			path = Libraries;
			sourceTree = "<group>";
		};
		3FC0D16E10559F7F00BF2243 /* Resources */ = {
			isa = PBXGroup;
			children = (
				3FC0D16F10559F7F00BF2243 /* PLISTs */,
				3FC0D17210559F7F00BF2243 /* PNGs */,
				3FC0D17310559F7F00BF2243 /* XIBs */,
			);
			path = Resources;
			sourceTree = "<group>";
		};
		3FC0D16F10559F7F00BF2243 /* PLISTs */ = {
			isa = PBXGroup;
			children = (
				3FC0D17010559F7F00BF2243 /* Info.plist */,
			);
			path = PLISTs;
			sourceTree = "<group>";
		};
		3FC0D17210559F7F00BF2243 /* PNGs */ = {
			isa = PBXGroup;
			children = (
			);
			path = PNGs;
			sourceTree = "<group>";
		};
		3FC0D17310559F7F00BF2243 /* XIBs */ = {
			isa = PBXGroup;
			children = (
			);
			path = XIBs;
			sourceTree = "<group>";
		};
/* End PBXGroup section */

/* Begin PBXNativeTarget section */
		1D6058900D05DD3D006BFB54 /* ___PROJECTNAME___ */ = {
			isa = PBXNativeTarget;
			buildConfigurationList = 1D6058960D05DD3E006BFB54 /* Build configuration list for PBXNativeTarget "___PROJECTNAME___" */;
			buildPhases = (
				1D60588D0D05DD3D006BFB54 /* Resources */,
				1D60588E0D05DD3D006BFB54 /* Sources */,
				1D60588F0D05DD3D006BFB54 /* Frameworks */,
			);
			buildRules = (
			);
			dependencies = (
				3F18D73610B34754000F8F3B /* PBXTargetDependency */,
			);
			name = "___PROJECTNAME___";
			productName = "___PROJECTNAME___";
			productReference = 3FC0D17E10559FBF00BF2243 /* ___PROJECTNAME___.app */;
			productType = "com.apple.product-type.application";
		};
/* End PBXNativeTarget section */

/* Begin PBXProject section */
		29B97313FDCFA39411CA2CEA /* Project object */ = {
			isa = PBXProject;
			buildConfigurationList = C01FCF4E08A954540054247B /* Build configuration list for PBXProject "___PROJECTNAME___" */;
			compatibilityVersion = "Xcode 3.1";
			hasScannedForEncodings = 1;
			mainGroup = 29B97314FDCFA39411CA2CEA /* CustomTemplate */;
			productRefGroup = 29B97314FDCFA39411CA2CEA /* CustomTemplate */;
			projectDirPath = "";
			projectReferences = (
				{
					ProductGroup = 3F18D5E210B346AB000F8F3B /* Products */;
					ProjectRef = 3F18D5E110B346AB000F8F3B /* Three20.xcodeproj */;
				},
			);
			projectRoot = "";
			targets = (
				1D6058900D05DD3D006BFB54 /* ___PROJECTNAME___ */,
			);
		};
/* End PBXProject section */

/* Begin PBXReferenceProxy section */
		3F18D5E610B346AB000F8F3B /* libThree20.a */ = {
			isa = PBXReferenceProxy;
			fileType = archive.ar;
			path = libThree20.a;
			remoteRef = 3F18D5E510B346AB000F8F3B /* PBXContainerItemProxy */;
			sourceTree = BUILT_PRODUCTS_DIR;
		};
/* End PBXReferenceProxy section */

/* Begin PBXResourcesBuildPhase section */
		1D60588D0D05DD3D006BFB54 /* Resources */ = {
			isa = PBXResourcesBuildPhase;
			buildActionMask = 2147483647;
			files = (
				3F18D6DD10B346F0000F8F3B /* Three20.bundle in Resources */,
			);
			runOnlyForDeploymentPostprocessing = 0;
		};
/* End PBXResourcesBuildPhase section */

/* Begin PBXSourcesBuildPhase section */
		1D60588E0D05DD3D006BFB54 /* Sources */ = {
			isa = PBXSourcesBuildPhase;
			buildActionMask = 2147483647;
			files = (
				3FC0CE6510559E8E00BF2243 /* ___PROJECTNAMEASIDENTIFIER___AppDelegate.m in Sources */,
				3FC0CE6610559E8E00BF2243 /* main.m in Sources */,
			);
			runOnlyForDeploymentPostprocessing = 0;
		};
/* End PBXSourcesBuildPhase section */

/* Begin PBXTargetDependency section */
		3F18D73610B34754000F8F3B /* PBXTargetDependency */ = {
			isa = PBXTargetDependency;
			name = Three20;
			targetProxy = 3F18D73510B34754000F8F3B /* PBXContainerItemProxy */;
		};
/* End PBXTargetDependency section */

/* Begin XCBuildConfiguration section */
		1D6058940D05DD3E006BFB54 /* Debug */ = {
			isa = XCBuildConfiguration;
			buildSettings = {
				ALWAYS_SEARCH_USER_PATHS = NO;
				COPY_PHASE_STRIP = NO;
				FRAMEWORK_SEARCH_PATHS = (
					"$(inherited)",
					"\"$(SRCROOT)/build/Debug-iphonesimulator\"",
					"\"$(SRCROOT)/Frameworks\"",
				);
				GCC_DYNAMIC_NO_PIC = NO;
				GCC_OPTIMIZATION_LEVEL = 0;
				GCC_PRECOMPILE_PREFIX_HEADER = YES;
				GCC_PREFIX_HEADER = "Code/Other/___PROJECTNAMEASIDENTIFIER____Prefix.pch";
				GCC_VERSION = com.apple.compilers.llvm.clang.1_0;
				HEADER_SEARCH_PATHS = "Libraries/three20/src/**";
				INFOPLIST_FILE = Resources/PLISTs/Info.plist;
				LIBRARY_SEARCH_PATHS = (
					"$(inherited)",
					"\"$(SRCROOT)/Libraries/three20/src/build/Debug-iphonesimulator\"",
				);
				OTHER_LDFLAGS = (
					"-all_load",
					"-ObjC",
				);
				PRODUCT_NAME = "___PROJECTNAME___";
			};
			name = Debug;
		};
		1D6058950D05DD3E006BFB54 /* Release */ = {
			isa = XCBuildConfiguration;
			buildSettings = {
				ALWAYS_SEARCH_USER_PATHS = NO;
				COPY_PHASE_STRIP = YES;
				FRAMEWORK_SEARCH_PATHS = (
					"$(inherited)",
					"\"$(SRCROOT)/build/Debug-iphonesimulator\"",
					"\"$(SRCROOT)/Frameworks\"",
				);
				GCC_PRECOMPILE_PREFIX_HEADER = YES;
				GCC_PREFIX_HEADER = "Code/Other/___PROJECTNAMEASIDENTIFIER____Prefix.pch";
				GCC_VERSION = com.apple.compilers.llvm.clang.1_0;
				HEADER_SEARCH_PATHS = "Libraries/three20/src/**";
				INFOPLIST_FILE = Resources/PLISTs/Info.plist;
				LIBRARY_SEARCH_PATHS = (
					"$(inherited)",
					"\"$(SRCROOT)/Libraries/three20/src/build/Debug-iphonesimulator\"",
				);
				OTHER_LDFLAGS = (
					"-all_load",
					"-ObjC",
				);
				PRODUCT_NAME = "___PROJECTNAME___";
			};
			name = Release;
		};
		C01FCF4F08A954540054247B /* Debug */ = {
			isa = XCBuildConfiguration;
			buildSettings = {
				ARCHS = "$(ARCHS_STANDARD_32_BIT)";
				"CODE_SIGN_IDENTITY[sdk=iphoneos*]" = "iPhone Developer";
				GCC_C_LANGUAGE_STANDARD = c99;
				GCC_WARN_ABOUT_RETURN_TYPE = YES;
				GCC_WARN_UNUSED_VARIABLE = YES;
				ONLY_ACTIVE_ARCH = YES;
				PREBINDING = NO;
				SDKROOT = iphoneos2.2.1;
			};
			name = Debug;
		};
		C01FCF5008A954540054247B /* Release */ = {
			isa = XCBuildConfiguration;
			buildSettings = {
				ARCHS = "$(ARCHS_STANDARD_32_BIT)";
				"CODE_SIGN_IDENTITY[sdk=iphoneos*]" = "iPhone Developer";
				GCC_C_LANGUAGE_STANDARD = c99;
				GCC_WARN_ABOUT_RETURN_TYPE = YES;
				GCC_WARN_UNUSED_VARIABLE = YES;
				PREBINDING = NO;
				SDKROOT = iphoneos2.2.1;
			};
			name = Release;
		};
/* End XCBuildConfiguration section */

/* Begin XCConfigurationList section */
		1D6058960D05DD3E006BFB54 /* Build configuration list for PBXNativeTarget "___PROJECTNAME___" */ = {
			isa = XCConfigurationList;
			buildConfigurations = (
				1D6058940D05DD3E006BFB54 /* Debug */,
				1D6058950D05DD3E006BFB54 /* Release */,
			);
			defaultConfigurationIsVisible = 0;
			defaultConfigurationName = Release;
		};
		C01FCF4E08A954540054247B /* Build configuration list for PBXProject "___PROJECTNAME___" */ = {
			isa = XCConfigurationList;
			buildConfigurations = (
				C01FCF4F08A954540054247B /* Debug */,
				C01FCF5008A954540054247B /* Release */,
			);
			defaultConfigurationIsVisible = 0;
			defaultConfigurationName = Release;
		};
/* End XCConfigurationList section */
	};
	rootObject = 29B97313FDCFA39411CA2CEA /* Project object */;
}
